
Microsoft Visual Studio Solution File, Format Version 12.00
# Visual Studio Version 16
VisualStudioVersion = 16.0.29123.88
MinimumVisualStudioVersion = 10.0.40219.1
Project("{9A19103F-16F7-4668-BE54-9A1E7A4F7556}") = "Fumen", "Fumen\Fumen.csproj", "{3829BAAD-4CD4-45D0-812F-EFDF3B733AE9}"
EndProject
Project("{FAE04EC0-301F-11D3-BF4B-00C04F79EFBC}") = "StepManiaChartGenerator", "StepManiaChartGenerator\StepManiaChartGenerator.csproj", "{E9C2B7DC-E05D-4930-A36F-33637D726456}"
EndProject
Project("{FAE04EC0-301F-11D3-BF4B-00C04F79EFBC}") = "ChartGeneratorTests", "ChartGeneratorTests\ChartGeneratorTests.csproj", "{00AA6F20-87CE-4699-B52E-4E52ECF3EB07}"
EndProject
Project("{FAE04EC0-301F-11D3-BF4B-00C04F79EFBC}") = "ExpressedChartTestGenerator", "ExpressedChartTestGenerator\ExpressedChartTestGenerator.csproj", "{3053E3D5-E5D6-48E0-8221-E62118958577}"
EndProject
Project("{FAE04EC0-301F-11D3-BF4B-00C04F79EFBC}") = "ChartStats", "ChartStats\ChartStats.csproj", "{45423A16-28CE-484E-B921-A77BA6B058D5}"
EndProject
Project("{FAE04EC0-301F-11D3-BF4B-00C04F79EFBC}") = "StepManiaChartFiller", "StepManiaChartFiller\StepManiaChartFiller.csproj", "{A3FF2C8E-5D5A-4403-A623-E3D4DE7AEF35}"
EndProject
Project("{FAE04EC0-301F-11D3-BF4B-00C04F79EFBC}") = "StepManiaLibrary", "StepManiaLibrary\StepManiaLibrary.csproj", "{0442A9A8-0AD1-4275-9575-B30E71F2A57E}"
EndProject
Project("{9A19103F-16F7-4668-BE54-9A1E7A4F7556}") = "StepManiaEditor", "StepManiaEditor\StepManiaEditor.csproj", "{9D072ADE-2E91-4000-A5B3-9D948FE0428F}"
EndProject
Global
	GlobalSection(SolutionConfigurationPlatforms) = preSolution
		Debug|Any CPU = Debug|Any CPU
		Debug|x64 = Debug|x64
		Debug|x86 = Debug|x86
		Release|Any CPU = Release|Any CPU
		Release|x64 = Release|x64
		Release|x86 = Release|x86
	EndGlobalSection
	GlobalSection(ProjectConfigurationPlatforms) = postSolution
		{3829BAAD-4CD4-45D0-812F-EFDF3B733AE9}.Debug|Any CPU.ActiveCfg = Debug|Any CPU
		{3829BAAD-4CD4-45D0-812F-EFDF3B733AE9}.Debug|Any CPU.Build.0 = Debug|Any CPU
		{3829BAAD-4CD4-45D0-812F-EFDF3B733AE9}.Debug|x64.ActiveCfg = Debug|Any CPU
		{3829BAAD-4CD4-45D0-812F-EFDF3B733AE9}.Debug|x64.Build.0 = Debug|Any CPU
		{3829BAAD-4CD4-45D0-812F-EFDF3B733AE9}.Debug|x86.ActiveCfg = Debug|Any CPU
		{3829BAAD-4CD4-45D0-812F-EFDF3B733AE9}.Debug|x86.Build.0 = Debug|Any CPU
		{3829BAAD-4CD4-45D0-812F-EFDF3B733AE9}.Release|Any CPU.ActiveCfg = Release|Any CPU
		{3829BAAD-4CD4-45D0-812F-EFDF3B733AE9}.Release|Any CPU.Build.0 = Release|Any CPU
		{3829BAAD-4CD4-45D0-812F-EFDF3B733AE9}.Release|x64.ActiveCfg = Release|Any CPU
		{3829BAAD-4CD4-45D0-812F-EFDF3B733AE9}.Release|x64.Build.0 = Release|Any CPU
		{3829BAAD-4CD4-45D0-812F-EFDF3B733AE9}.Release|x86.ActiveCfg = Release|Any CPU
		{3829BAAD-4CD4-45D0-812F-EFDF3B733AE9}.Release|x86.Build.0 = Release|Any CPU
		{E9C2B7DC-E05D-4930-A36F-33637D726456}.Debug|Any CPU.ActiveCfg = Debug|Any CPU
		{E9C2B7DC-E05D-4930-A36F-33637D726456}.Debug|Any CPU.Build.0 = Debug|Any CPU
		{E9C2B7DC-E05D-4930-A36F-33637D726456}.Debug|x64.ActiveCfg = Debug|Any CPU
		{E9C2B7DC-E05D-4930-A36F-33637D726456}.Debug|x64.Build.0 = Debug|Any CPU
		{E9C2B7DC-E05D-4930-A36F-33637D726456}.Debug|x86.ActiveCfg = Debug|Any CPU
		{E9C2B7DC-E05D-4930-A36F-33637D726456}.Debug|x86.Build.0 = Debug|Any CPU
		{E9C2B7DC-E05D-4930-A36F-33637D726456}.Release|Any CPU.ActiveCfg = Release|Any CPU
		{E9C2B7DC-E05D-4930-A36F-33637D726456}.Release|Any CPU.Build.0 = Release|Any CPU
		{E9C2B7DC-E05D-4930-A36F-33637D726456}.Release|x64.ActiveCfg = Release|Any CPU
		{E9C2B7DC-E05D-4930-A36F-33637D726456}.Release|x64.Build.0 = Release|Any CPU
		{E9C2B7DC-E05D-4930-A36F-33637D726456}.Release|x86.ActiveCfg = Release|Any CPU
		{E9C2B7DC-E05D-4930-A36F-33637D726456}.Release|x86.Build.0 = Release|Any CPU
		{00AA6F20-87CE-4699-B52E-4E52ECF3EB07}.Debug|Any CPU.ActiveCfg = Debug|Any CPU
		{00AA6F20-87CE-4699-B52E-4E52ECF3EB07}.Debug|Any CPU.Build.0 = Debug|Any CPU
		{00AA6F20-87CE-4699-B52E-4E52ECF3EB07}.Debug|x64.ActiveCfg = Debug|Any CPU
		{00AA6F20-87CE-4699-B52E-4E52ECF3EB07}.Debug|x64.Build.0 = Debug|Any CPU
		{00AA6F20-87CE-4699-B52E-4E52ECF3EB07}.Debug|x86.ActiveCfg = Debug|Any CPU
		{00AA6F20-87CE-4699-B52E-4E52ECF3EB07}.Debug|x86.Build.0 = Debug|Any CPU
		{00AA6F20-87CE-4699-B52E-4E52ECF3EB07}.Release|Any CPU.ActiveCfg = Release|Any CPU
		{00AA6F20-87CE-4699-B52E-4E52ECF3EB07}.Release|Any CPU.Build.0 = Release|Any CPU
		{00AA6F20-87CE-4699-B52E-4E52ECF3EB07}.Release|x64.ActiveCfg = Release|Any CPU
		{00AA6F20-87CE-4699-B52E-4E52ECF3EB07}.Release|x64.Build.0 = Release|Any CPU
		{00AA6F20-87CE-4699-B52E-4E52ECF3EB07}.Release|x86.ActiveCfg = Release|Any CPU
		{00AA6F20-87CE-4699-B52E-4E52ECF3EB07}.Release|x86.Build.0 = Release|Any CPU
		{3053E3D5-E5D6-48E0-8221-E62118958577}.Debug|Any CPU.ActiveCfg = Debug|Any CPU
		{3053E3D5-E5D6-48E0-8221-E62118958577}.Debug|Any CPU.Build.0 = Debug|Any CPU
		{3053E3D5-E5D6-48E0-8221-E62118958577}.Debug|x64.ActiveCfg = Debug|Any CPU
		{3053E3D5-E5D6-48E0-8221-E62118958577}.Debug|x64.Build.0 = Debug|Any CPU
		{3053E3D5-E5D6-48E0-8221-E62118958577}.Debug|x86.ActiveCfg = Debug|Any CPU
		{3053E3D5-E5D6-48E0-8221-E62118958577}.Debug|x86.Build.0 = Debug|Any CPU
		{3053E3D5-E5D6-48E0-8221-E62118958577}.Release|Any CPU.ActiveCfg = Release|Any CPU
		{3053E3D5-E5D6-48E0-8221-E62118958577}.Release|Any CPU.Build.0 = Release|Any CPU
		{3053E3D5-E5D6-48E0-8221-E62118958577}.Release|x64.ActiveCfg = Release|Any CPU
		{3053E3D5-E5D6-48E0-8221-E62118958577}.Release|x64.Build.0 = Release|Any CPU
		{3053E3D5-E5D6-48E0-8221-E62118958577}.Release|x86.ActiveCfg = Release|Any CPU
		{3053E3D5-E5D6-48E0-8221-E62118958577}.Release|x86.Build.0 = Release|Any CPU
		{45423A16-28CE-484E-B921-A77BA6B058D5}.Debug|Any CPU.ActiveCfg = Debug|Any CPU
		{45423A16-28CE-484E-B921-A77BA6B058D5}.Debug|Any CPU.Build.0 = Debug|Any CPU
		{45423A16-28CE-484E-B921-A77BA6B058D5}.Debug|x64.ActiveCfg = Debug|Any CPU
		{45423A16-28CE-484E-B921-A77BA6B058D5}.Debug|x64.Build.0 = Debug|Any CPU
		{45423A16-28CE-484E-B921-A77BA6B058D5}.Debug|x86.ActiveCfg = Debug|Any CPU
		{45423A16-28CE-484E-B921-A77BA6B058D5}.Debug|x86.Build.0 = Debug|Any CPU
		{45423A16-28CE-484E-B921-A77BA6B058D5}.Release|Any CPU.ActiveCfg = Release|Any CPU
		{45423A16-28CE-484E-B921-A77BA6B058D5}.Release|Any CPU.Build.0 = Release|Any CPU
		{45423A16-28CE-484E-B921-A77BA6B058D5}.Release|x64.ActiveCfg = Release|Any CPU
		{45423A16-28CE-484E-B921-A77BA6B058D5}.Release|x64.Build.0 = Release|Any CPU
		{45423A16-28CE-484E-B921-A77BA6B058D5}.Release|x86.ActiveCfg = Release|Any CPU
		{45423A16-28CE-484E-B921-A77BA6B058D5}.Release|x86.Build.0 = Release|Any CPU
		{A3FF2C8E-5D5A-4403-A623-E3D4DE7AEF35}.Debug|Any CPU.ActiveCfg = Debug|Any CPU
		{A3FF2C8E-5D5A-4403-A623-E3D4DE7AEF35}.Debug|Any CPU.Build.0 = Debug|Any CPU
		{A3FF2C8E-5D5A-4403-A623-E3D4DE7AEF35}.Debug|x64.ActiveCfg = Debug|Any CPU
		{A3FF2C8E-5D5A-4403-A623-E3D4DE7AEF35}.Debug|x64.Build.0 = Debug|Any CPU
		{A3FF2C8E-5D5A-4403-A623-E3D4DE7AEF35}.Debug|x86.ActiveCfg = Debug|Any CPU
		{A3FF2C8E-5D5A-4403-A623-E3D4DE7AEF35}.Debug|x86.Build.0 = Debug|Any CPU
		{A3FF2C8E-5D5A-4403-A623-E3D4DE7AEF35}.Release|Any CPU.ActiveCfg = Release|Any CPU
		{A3FF2C8E-5D5A-4403-A623-E3D4DE7AEF35}.Release|Any CPU.Build.0 = Release|Any CPU
		{A3FF2C8E-5D5A-4403-A623-E3D4DE7AEF35}.Release|x64.ActiveCfg = Release|Any CPU
		{A3FF2C8E-5D5A-4403-A623-E3D4DE7AEF35}.Release|x64.Build.0 = Release|Any CPU
		{A3FF2C8E-5D5A-4403-A623-E3D4DE7AEF35}.Release|x86.ActiveCfg = Release|Any CPU
		{A3FF2C8E-5D5A-4403-A623-E3D4DE7AEF35}.Release|x86.Build.0 = Release|Any CPU
		{0442A9A8-0AD1-4275-9575-B30E71F2A57E}.Debug|Any CPU.ActiveCfg = Debug|Any CPU
		{0442A9A8-0AD1-4275-9575-B30E71F2A57E}.Debug|Any CPU.Build.0 = Debug|Any CPU
		{0442A9A8-0AD1-4275-9575-B30E71F2A57E}.Debug|x64.ActiveCfg = Debug|Any CPU
		{0442A9A8-0AD1-4275-9575-B30E71F2A57E}.Debug|x64.Build.0 = Debug|Any CPU
		{0442A9A8-0AD1-4275-9575-B30E71F2A57E}.Debug|x86.ActiveCfg = Debug|Any CPU
		{0442A9A8-0AD1-4275-9575-B30E71F2A57E}.Debug|x86.Build.0 = Debug|Any CPU
		{0442A9A8-0AD1-4275-9575-B30E71F2A57E}.Release|Any CPU.ActiveCfg = Release|Any CPU
		{0442A9A8-0AD1-4275-9575-B30E71F2A57E}.Release|Any CPU.Build.0 = Release|Any CPU
		{0442A9A8-0AD1-4275-9575-B30E71F2A57E}.Release|x64.ActiveCfg = Release|Any CPU
		{0442A9A8-0AD1-4275-9575-B30E71F2A57E}.Release|x64.Build.0 = Release|Any CPU
		{0442A9A8-0AD1-4275-9575-B30E71F2A57E}.Release|x86.ActiveCfg = Release|Any CPU
		{0442A9A8-0AD1-4275-9575-B30E71F2A57E}.Release|x86.Build.0 = Release|Any CPU
		{9D072ADE-2E91-4000-A5B3-9D948FE0428F}.Debug|Any CPU.ActiveCfg = Debug|Any CPU
		{9D072ADE-2E91-4000-A5B3-9D948FE0428F}.Debug|Any CPU.Build.0 = Debug|Any CPU
		{9D072ADE-2E91-4000-A5B3-9D948FE0428F}.Debug|x64.ActiveCfg = Debug|Any CPU
		{9D072ADE-2E91-4000-A5B3-9D948FE0428F}.Debug|x64.Build.0 = Debug|Any CPU
		{9D072ADE-2E91-4000-A5B3-9D948FE0428F}.Debug|x86.ActiveCfg = Debug|Any CPU
		{9D072ADE-2E91-4000-A5B3-9D948FE0428F}.Debug|x86.Build.0 = Debug|Any CPU
		{9D072ADE-2E91-4000-A5B3-9D948FE0428F}.Release|Any CPU.ActiveCfg = Release|Any CPU
		{9D072ADE-2E91-4000-A5B3-9D948FE0428F}.Release|Any CPU.Build.0 = Release|Any CPU
		{9D072ADE-2E91-4000-A5B3-9D948FE0428F}.Release|x64.ActiveCfg = Release|Any CPU
		{9D072ADE-2E91-4000-A5B3-9D948FE0428F}.Release|x64.Build.0 = Release|Any CPU
		{9D072ADE-2E91-4000-A5B3-9D948FE0428F}.Release|x86.ActiveCfg = Release|Any CPU
		{9D072ADE-2E91-4000-A5B3-9D948FE0428F}.Release|x86.Build.0 = Release|Any CPU
	EndGlobalSection
	GlobalSection(SolutionProperties) = preSolution
		HideSolutionNode = FALSE
	EndGlobalSection
	GlobalSection(ExtensibilityGlobals) = postSolution
		SolutionGuid = {511E2B35-4E8B-4BF4-B99C-1E5E68E8410A}
	EndGlobalSection
EndGlobal
